// !$*UTF8*$!
{
	archiveVersion = 1;
	classes = {
	};
	objectVersion = 56;
	objects = {

/* Begin PBXBuildFile section */
		31A57E852B6D72E6001CFF3C /* Richmond_PizzaApp.swift in Sources */ = {isa = PBXBuildFile; fileRef = 31A57E842B6D72E6001CFF3C /* Richmond_PizzaApp.swift */; };
		31A57E872B6D72E6001CFF3C /* ContentView.swift in Sources */ = {isa = PBXBuildFile; fileRef = 31A57E862B6D72E6001CFF3C /* ContentView.swift */; };
		31A57E892B6D72E7001CFF3C /* Assets.xcassets in Resources */ = {isa = PBXBuildFile; fileRef = 31A57E882B6D72E7001CFF3C /* Assets.xcassets */; };
		31A57E8C2B6D72E7001CFF3C /* Preview Assets.xcassets in Resources */ = {isa = PBXBuildFile; fileRef = 31A57E8B2B6D72E7001CFF3C /* Preview Assets.xcassets */; };
		31A57E962B6D72E7001CFF3C /* Richmond_PizzaTests.swift in Sources */ = {isa = PBXBuildFile; fileRef = 31A57E952B6D72E7001CFF3C /* Richmond_PizzaTests.swift */; };
		31A57EA02B6D72E7001CFF3C /* Richmond_PizzaUITests.swift in Sources */ = {isa = PBXBuildFile; fileRef = 31A57E9F2B6D72E7001CFF3C /* Richmond_PizzaUITests.swift */; };
		31A57EA22B6D72E7001CFF3C /* Richmond_PizzaUITestsLaunchTests.swift in Sources */ = {isa = PBXBuildFile; fileRef = 31A57EA12B6D72E7001CFF3C /* Richmond_PizzaUITestsLaunchTests.swift */; };
/* End PBXBuildFile section */

/* Begin PBXContainerItemProxy section */
		31A57E922B6D72E7001CFF3C /* PBXContainerItemProxy */ = {
			isa = PBXContainerItemProxy;
			containerPortal = 31A57E792B6D72E6001CFF3C /* Project object */;
			proxyType = 1;
			remoteGlobalIDString = 31A57E802B6D72E6001CFF3C;
			remoteInfo = Richmond_Pizza;
		};
		31A57E9C2B6D72E7001CFF3C /* PBXContainerItemProxy */ = {
			isa = PBXContainerItemProxy;
			containerPortal = 31A57E792B6D72E6001CFF3C /* Project object */;
			proxyType = 1;
			remoteGlobalIDString = 31A57E802B6D72E6001CFF3C;
			remoteInfo = Richmond_Pizza;
		};
/* End PBXContainerItemProxy section */

/* Begin PBXFileReference section */
		31A57E812B6D72E6001CFF3C /* Richmond_Pizza.app */ = {isa = PBXFileReference; explicitFileType = wrapper.application; includeInIndex = 0; path = Richmond_Pizza.app; sourceTree = BUILT_PRODUCTS_DIR; };
		31A57E842B6D72E6001CFF3C /* Richmond_PizzaApp.swift */ = {isa = PBXFileReference; lastKnownFileType = sourcecode.swift; path = Richmond_PizzaApp.swift; sourceTree = "<group>"; };
		31A57E862B6D72E6001CFF3C /* ContentView.swift */ = {isa = PBXFileReference; lastKnownFileType = sourcecode.swift; path = ContentView.swift; sourceTree = "<group>"; };
		31A57E882B6D72E7001CFF3C /* Assets.xcassets */ = {isa = PBXFileReference; lastKnownFileType = folder.assetcatalog; path = Assets.xcassets; sourceTree = "<group>"; };
		31A57E8B2B6D72E7001CFF3C /* Preview Assets.xcassets */ = {isa = PBXFileReference; lastKnownFileType = folder.assetcatalog; path = "Preview Assets.xcassets"; sourceTree = "<group>"; };
		31A57E912B6D72E7001CFF3C /* Richmond_PizzaTests.xctest */ = {isa = PBXFileReference; explicitFileType = wrapper.cfbundle; includeInIndex = 0; path = Richmond_PizzaTests.xctest; sourceTree = BUILT_PRODUCTS_DIR; };
		31A57E952B6D72E7001CFF3C /* Richmond_PizzaTests.swift */ = {isa = PBXFileReference; lastKnownFileType = sourcecode.swift; path = Richmond_PizzaTests.swift; sourceTree = "<group>"; };
		31A57E9B2B6D72E7001CFF3C /* Richmond_PizzaUITests.xctest */ = {isa = PBXFileReference; explicitFileType = wrapper.cfbundle; includeInIndex = 0; path = Richmond_PizzaUITests.xctest; sourceTree = BUILT_PRODUCTS_DIR; };
		31A57E9F2B6D72E7001CFF3C /* Richmond_PizzaUITests.swift */ = {isa = PBXFileReference; lastKnownFileType = sourcecode.swift; path = Richmond_PizzaUITests.swift; sourceTree = "<group>"; };
		31A57EA12B6D72E7001CFF3C /* Richmond_PizzaUITestsLaunchTests.swift */ = {isa = PBXFileReference; lastKnownFileType = sourcecode.swift; path = Richmond_PizzaUITestsLaunchTests.swift; sourceTree = "<group>"; };
/* End PBXFileReference section */

/* Begin PBXFrameworksBuildPhase section */
		31A57E7E2B6D72E6001CFF3C /* Frameworks */ = {
			isa = PBXFrameworksBuildPhase;
			buildActionMask = 2147483647;
			files = (
			);
			runOnlyForDeploymentPostprocessing = 0;
		};
		31A57E8E2B6D72E7001CFF3C /* Frameworks */ = {
			isa = PBXFrameworksBuildPhase;
			buildActionMask = 2147483647;
			files = (
			);
			runOnlyForDeploymentPostprocessing = 0;
		};
		31A57E982B6D72E7001CFF3C /* Frameworks */ = {
			isa = PBXFrameworksBuildPhase;
			buildActionMask = 2147483647;
			files = (
			);
			runOnlyForDeploymentPostprocessing = 0;
		};
/* End PBXFrameworksBuildPhase section */

/* Begin PBXGroup section */
		31A57E782B6D72E6001CFF3C = {
			isa = PBXGroup;
			children = (
				31A57E832B6D72E6001CFF3C /* Richmond_Pizza */,
				31A57E942B6D72E7001CFF3C /* Richmond_PizzaTests */,
				31A57E9E2B6D72E7001CFF3C /* Richmond_PizzaUITests */,
				31A57E822B6D72E6001CFF3C /* Products */,
			);
			sourceTree = "<group>";
		};
		31A57E822B6D72E6001CFF3C /* Products */ = {
			isa = PBXGroup;
			children = (
				31A57E812B6D72E6001CFF3C /* Richmond_Pizza.app */,
				31A57E912B6D72E7001CFF3C /* Richmond_PizzaTests.xctest */,
				31A57E9B2B6D72E7001CFF3C /* Richmond_PizzaUITests.xctest */,
			);
			name = Products;
			sourceTree = "<group>";
		};
		31A57E832B6D72E6001CFF3C /* Richmond_Pizza */ = {
			isa = PBXGroup;
			children = (
				31A57E842B6D72E6001CFF3C /* Richmond_PizzaApp.swift */,
				31A57E862B6D72E6001CFF3C /* ContentView.swift */,
				31A57E882B6D72E7001CFF3C /* Assets.xcassets */,
				31A57E8A2B6D72E7001CFF3C /* Preview Content */,
			);
			path = Richmond_Pizza;
			sourceTree = "<group>";
		};
		31A57E8A2B6D72E7001CFF3C /* Preview Content */ = {
			isa = PBXGroup;
			children = (
				31A57E8B2B6D72E7001CFF3C /* Preview Assets.xcassets */,
			);
			path = "Preview Content";
			sourceTree = "<group>";
		};
		31A57E942B6D72E7001CFF3C /* Richmond_PizzaTests */ = {
			isa = PBXGroup;
			children = (
				31A57E952B6D72E7001CFF3C /* Richmond_PizzaTests.swift */,
			);
			path = Richmond_PizzaTests;
			sourceTree = "<group>";
		};
		31A57E9E2B6D72E7001CFF3C /* Richmond_PizzaUITests */ = {
			isa = PBXGroup;
			children = (
				31A57E9F2B6D72E7001CFF3C /* Richmond_PizzaUITests.swift */,
				31A57EA12B6D72E7001CFF3C /* Richmond_PizzaUITestsLaunchTests.swift */,
			);
			path = Richmond_PizzaUITests;
			sourceTree = "<group>";
		};
/* End PBXGroup section */

/* Begin PBXNativeTarget section */
		31A57E802B6D72E6001CFF3C /* Richmond_Pizza */ = {
			isa = PBXNativeTarget;
			buildConfigurationList = 31A57EA52B6D72E7001CFF3C /* Build configuration list for PBXNativeTarget "Richmond_Pizza" */;
			buildPhases = (
				31A57E7D2B6D72E6001CFF3C /* Sources */,
				31A57E7E2B6D72E6001CFF3C /* Frameworks */,
				31A57E7F2B6D72E6001CFF3C /* Resources */,
			);
			buildRules = (
			);
			dependencies = (
			);
			name = Richmond_Pizza;
			productName = Richmond_Pizza;
			productReference = 31A57E812B6D72E6001CFF3C /* Richmond_Pizza.app */;
			productType = "com.apple.product-type.application";
		};
		31A57E902B6D72E7001CFF3C /* Richmond_PizzaTests */ = {
			isa = PBXNativeTarget;
			buildConfigurationList = 31A57EA82B6D72E7001CFF3C /* Build configuration list for PBXNativeTarget "Richmond_PizzaTests" */;
			buildPhases = (
				31A57E8D2B6D72E7001CFF3C /* Sources */,
				31A57E8E2B6D72E7001CFF3C /* Frameworks */,
				31A57E8F2B6D72E7001CFF3C /* Resources */,
			);
			buildRules = (
			);
			dependencies = (
				31A57E932B6D72E7001CFF3C /* PBXTargetDependency */,
			);
			name = Richmond_PizzaTests;
			productName = Richmond_PizzaTests;
			productReference = 31A57E912B6D72E7001CFF3C /* Richmond_PizzaTests.xctest */;
			productType = "com.apple.product-type.bundle.unit-test";
		};
		31A57E9A2B6D72E7001CFF3C /* Richmond_PizzaUITests */ = {
			isa = PBXNativeTarget;
			buildConfigurationList = 31A57EAB2B6D72E7001CFF3C /* Build configuration list for PBXNativeTarget "Richmond_PizzaUITests" */;
			buildPhases = (
				31A57E972B6D72E7001CFF3C /* Sources */,
				31A57E982B6D72E7001CFF3C /* Frameworks */,
				31A57E992B6D72E7001CFF3C /* Resources */,
			);
			buildRules = (
			);
			dependencies = (
				31A57E9D2B6D72E7001CFF3C /* PBXTargetDependency */,
			);
			name = Richmond_PizzaUITests;
			productName = Richmond_PizzaUITests;
			productReference = 31A57E9B2B6D72E7001CFF3C /* Richmond_PizzaUITests.xctest */;
			productType = "com.apple.product-type.bundle.ui-testing";
		};
/* End PBXNativeTarget section */

/* Begin PBXProject section */
		31A57E792B6D72E6001CFF3C /* Project object */ = {
			isa = PBXProject;
			attributes = {
				BuildIndependentTargetsInParallel = 1;
				LastSwiftUpdateCheck = 1520;
				LastUpgradeCheck = 1520;
				TargetAttributes = {
					31A57E802B6D72E6001CFF3C = {
						CreatedOnToolsVersion = 15.2;
					};
					31A57E902B6D72E7001CFF3C = {
						CreatedOnToolsVersion = 15.2;
						TestTargetID = 31A57E802B6D72E6001CFF3C;
					};
					31A57E9A2B6D72E7001CFF3C = {
						CreatedOnToolsVersion = 15.2;
						TestTargetID = 31A57E802B6D72E6001CFF3C;
					};
				};
			};
			buildConfigurationList = 31A57E7C2B6D72E6001CFF3C /* Build configuration list for PBXProject "Richmond_Pizza" */;
			compatibilityVersion = "Xcode 14.0";
			developmentRegion = en;
			hasScannedForEncodings = 0;
			knownRegions = (
				en,
				Base,
			);
			mainGroup = 31A57E782B6D72E6001CFF3C;
			productRefGroup = 31A57E822B6D72E6001CFF3C /* Products */;
			projectDirPath = "";
			projectRoot = "";
			targets = (
				31A57E802B6D72E6001CFF3C /* Richmond_Pizza */,
				31A57E902B6D72E7001CFF3C /* Richmond_PizzaTests */,
				31A57E9A2B6D72E7001CFF3C /* Richmond_PizzaUITests */,
			);
		};
/* End PBXProject section */

/* Begin PBXResourcesBuildPhase section */
		31A57E7F2B6D72E6001CFF3C /* Resources */ = {
			isa = PBXResourcesBuildPhase;
			buildActionMask = 2147483647;
			files = (
				31A57E8C2B6D72E7001CFF3C /* Preview Assets.xcassets in Resources */,
				31A57E892B6D72E7001CFF3C /* Assets.xcassets in Resources */,
			);
			runOnlyForDeploymentPostprocessing = 0;
		};
		31A57E8F2B6D72E7001CFF3C /* Resources */ = {
			isa = PBXResourcesBuildPhase;
			buildActionMask = 2147483647;
			files = (
			);
			runOnlyForDeploymentPostprocessing = 0;
		};
		31A57E992B6D72E7001CFF3C /* Resources */ = {
			isa = PBXResourcesBuildPhase;
			buildActionMask = 2147483647;
			files = (
			);
			runOnlyForDeploymentPostprocessing = 0;
		};
/* End PBXResourcesBuildPhase section */

/* Begin PBXSourcesBuildPhase section */
		31A57E7D2B6D72E6001CFF3C /* Sources */ = {
			isa = PBXSourcesBuildPhase;
			buildActionMask = 2147483647;
			files = (
				31A57E872B6D72E6001CFF3C /* ContentView.swift in Sources */,
				31A57E852B6D72E6001CFF3C /* Richmond_PizzaApp.swift in Sources */,
			);
			runOnlyForDeploymentPostprocessing = 0;
		};
		31A57E8D2B6D72E7001CFF3C /* Sources */ = {
			isa = PBXSourcesBuildPhase;
			buildActionMask = 2147483647;
			files = (
				31A57E962B6D72E7001CFF3C /* Richmond_PizzaTests.swift in Sources */,
			);
			runOnlyForDeploymentPostprocessing = 0;
		};
		31A57E972B6D72E7001CFF3C /* Sources */ = {
			isa = PBXSourcesBuildPhase;
			buildActionMask = 2147483647;
			files = (
				31A57EA02B6D72E7001CFF3C /* Richmond_PizzaUITests.swift in Sources */,
				31A57EA22B6D72E7001CFF3C /* Richmond_PizzaUITestsLaunchTests.swift in Sources */,
			);
			runOnlyForDeploymentPostprocessing = 0;
		};
/* End PBXSourcesBuildPhase section */

/* Begin PBXTargetDependency section */
		31A57E932B6D72E7001CFF3C /* PBXTargetDependency */ = {
			isa = PBXTargetDependency;
			target = 31A57E802B6D72E6001CFF3C /* Richmond_Pizza */;
			targetProxy = 31A57E922B6D72E7001CFF3C /* PBXContainerItemProxy */;
		};
		31A57E9D2B6D72E7001CFF3C /* PBXTargetDependency */ = {
			isa = PBXTargetDependency;
			target = 31A57E802B6D72E6001CFF3C /* Richmond_Pizza */;
			targetProxy = 31A57E9C2B6D72E7001CFF3C /* PBXContainerItemProxy */;
		};
/* End PBXTargetDependency section */

/* Begin XCBuildConfiguration section */
		31A57EA32B6D72E7001CFF3C /* Debug */ = {
			isa = XCBuildConfiguration;
			buildSettings = {
				ALWAYS_SEARCH_USER_PATHS = NO;
				ASSETCATALOG_COMPILER_GENERATE_SWIFT_ASSET_SYMBOL_EXTENSIONS = YES;
				CLANG_ANALYZER_NONNULL = YES;
				CLANG_ANALYZER_NUMBER_OBJECT_CONVERSION = YES_AGGRESSIVE;
				CLANG_CXX_LANGUAGE_STANDARD = "gnu++20";
				CLANG_ENABLE_MODULES = YES;
				CLANG_ENABLE_OBJC_ARC = YES;
				CLANG_ENABLE_OBJC_WEAK = YES;
				CLANG_WARN_BLOCK_CAPTURE_AUTORELEASING = YES;
				CLANG_WARN_BOOL_CONVERSION = YES;
				CLANG_WARN_COMMA = YES;
				CLANG_WARN_CONSTANT_CONVERSION = YES;
				CLANG_WARN_DEPRECATED_OBJC_IMPLEMENTATIONS = YES;
				CLANG_WARN_DIRECT_OBJC_ISA_USAGE = YES_ERROR;
				CLANG_WARN_DOCUMENTATION_COMMENTS = YES;
				CLANG_WARN_EMPTY_BODY = YES;
				CLANG_WARN_ENUM_CONVERSION = YES;
				CLANG_WARN_INFINITE_RECURSION = YES;
				CLANG_WARN_INT_CONVERSION = YES;
				CLANG_WARN_NON_LITERAL_NULL_CONVERSION = YES;
				CLANG_WARN_OBJC_IMPLICIT_RETAIN_SELF = YES;
				CLANG_WARN_OBJC_LITERAL_CONVERSION = YES;
				CLANG_WARN_OBJC_ROOT_CLASS = YES_ERROR;
				CLANG_WARN_QUOTED_INCLUDE_IN_FRAMEWORK_HEADER = YES;
				CLANG_WARN_RANGE_LOOP_ANALYSIS = YES;
				CLANG_WARN_STRICT_PROTOTYPES = YES;
				CLANG_WARN_SUSPICIOUS_MOVE = YES;
				CLANG_WARN_UNGUARDED_AVAILABILITY = YES_AGGRESSIVE;
				CLANG_WARN_UNREACHABLE_CODE = YES;
				CLANG_WARN__DUPLICATE_METHOD_MATCH = YES;
				COPY_PHASE_STRIP = NO;
				DEBUG_INFORMATION_FORMAT = dwarf;
				ENABLE_STRICT_OBJC_MSGSEND = YES;
				ENABLE_TESTABILITY = YES;
				ENABLE_USER_SCRIPT_SANDBOXING = YES;
				GCC_C_LANGUAGE_STANDARD = gnu17;
				GCC_DYNAMIC_NO_PIC = NO;
				GCC_NO_COMMON_BLOCKS = YES;
				GCC_OPTIMIZATION_LEVEL = 0;
				GCC_PREPROCESSOR_DEFINITIONS = (
					"DEBUG=1",
					"$(inherited)",
				);
				GCC_WARN_64_TO_32_BIT_CONVERSION = YES;
				GCC_WARN_ABOUT_RETURN_TYPE = YES_ERROR;
				GCC_WARN_UNDECLARED_SELECTOR = YES;
				GCC_WARN_UNINITIALIZED_AUTOS = YES_AGGRESSIVE;
				GCC_WARN_UNUSED_FUNCTION = YES;
				GCC_WARN_UNUSED_VARIABLE = YES;
				IPHONEOS_DEPLOYMENT_TARGET = 17.2;
				LOCALIZATION_PREFERS_STRING_CATALOGS = YES;
				MTL_ENABLE_DEBUG_INFO = INCLUDE_SOURCE;
				MTL_FAST_MATH = YES;
				ONLY_ACTIVE_ARCH = YES;
				SDKROOT = iphoneos;
				SWIFT_ACTIVE_COMPILATION_CONDITIONS = "DEBUG $(inherited)";
				SWIFT_OPTIMIZATION_LEVEL = "-Onone";
			};
			name = Debug;
		};
		31A57EA42B6D72E7001CFF3C /* Release */ = {
			isa = XCBuildConfiguration;
			buildSettings = {
				ALWAYS_SEARCH_USER_PATHS = NO;
				ASSETCATALOG_COMPILER_GENERATE_SWIFT_ASSET_SYMBOL_EXTENSIONS = YES;
				CLANG_ANALYZER_NONNULL = YES;
				CLANG_ANALYZER_NUMBER_OBJECT_CONVERSION = YES_AGGRESSIVE;
				CLANG_CXX_LANGUAGE_STANDARD = "gnu++20";
				CLANG_ENABLE_MODULES = YES;
				CLANG_ENABLE_OBJC_ARC = YES;
				CLANG_ENABLE_OBJC_WEAK = YES;
				CLANG_WARN_BLOCK_CAPTURE_AUTORELEASING = YES;
				CLANG_WARN_BOOL_CONVERSION = YES;
				CLANG_WARN_COMMA = YES;
				CLANG_WARN_CONSTANT_CONVERSION = YES;
				CLANG_WARN_DEPRECATED_OBJC_IMPLEMENTATIONS = YES;
				CLANG_WARN_DIRECT_OBJC_ISA_USAGE = YES_ERROR;
				CLANG_WARN_DOCUMENTATION_COMMENTS = YES;
				CLANG_WARN_EMPTY_BODY = YES;
				CLANG_WARN_ENUM_CONVERSION = YES;
				CLANG_WARN_INFINITE_RECURSION = YES;
				CLANG_WARN_INT_CONVERSION = YES;
				CLANG_WARN_NON_LITERAL_NULL_CONVERSION = YES;
				CLANG_WARN_OBJC_IMPLICIT_RETAIN_SELF = YES;
				CLANG_WARN_OBJC_LITERAL_CONVERSION = YES;
				CLANG_WARN_OBJC_ROOT_CLASS = YES_ERROR;
				CLANG_WARN_QUOTED_INCLUDE_IN_FRAMEWORK_HEADER = YES;
				CLANG_WARN_RANGE_LOOP_ANALYSIS = YES;
				CLANG_WARN_STRICT_PROTOTYPES = YES;
				CLANG_WARN_SUSPICIOUS_MOVE = YES;
				CLANG_WARN_UNGUARDED_AVAILABILITY = YES_AGGRESSIVE;
				CLANG_WARN_UNREACHABLE_CODE = YES;
				CLANG_WARN__DUPLICATE_METHOD_MATCH = YES;
				COPY_PHASE_STRIP = NO;
				DEBUG_INFORMATION_FORMAT = "dwarf-with-dsym";
				ENABLE_NS_ASSERTIONS = NO;
				ENABLE_STRICT_OBJC_MSGSEND = YES;
				ENABLE_USER_SCRIPT_SANDBOXING = YES;
				GCC_C_LANGUAGE_STANDARD = gnu17;
				GCC_NO_COMMON_BLOCKS = YES;
				GCC_WARN_64_TO_32_BIT_CONVERSION = YES;
				GCC_WARN_ABOUT_RETURN_TYPE = YES_ERROR;
				GCC_WARN_UNDECLARED_SELECTOR = YES;
				GCC_WARN_UNINITIALIZED_AUTOS = YES_AGGRESSIVE;
				GCC_WARN_UNUSED_FUNCTION = YES;
				GCC_WARN_UNUSED_VARIABLE = YES;
				IPHONEOS_DEPLOYMENT_TARGET = 17.2;
				LOCALIZATION_PREFERS_STRING_CATALOGS = YES;
				MTL_ENABLE_DEBUG_INFO = NO;
				MTL_FAST_MATH = YES;
				SDKROOT = iphoneos;
				SWIFT_COMPILATION_MODE = wholemodule;
				VALIDATE_PRODUCT = YES;
			};
			name = Release;
		};
		31A57EA62B6D72E7001CFF3C /* Debug */ = {
			isa = XCBuildConfiguration;
			buildSettings = {
				ASSETCATALOG_COMPILER_APPICON_NAME = AppIcon;
				ASSETCATALOG_COMPILER_GLOBAL_ACCENT_COLOR_NAME = AccentColor;
				CODE_SIGN_STYLE = Automatic;
				CURRENT_PROJECT_VERSION = 1;
				DEVELOPMENT_ASSET_PATHS = "\"Richmond_Pizza/Preview Content\"";
				ENABLE_PREVIEWS = YES;
				GENERATE_INFOPLIST_FILE = YES;
				INFOPLIST_KEY_UIApplicationSceneManifest_Generation = YES;
				INFOPLIST_KEY_UIApplicationSupportsIndirectInputEvents = YES;
				INFOPLIST_KEY_UILaunchScreen_Generation = YES;
				INFOPLIST_KEY_UISupportedInterfaceOrientations_iPad = "UIInterfaceOrientationPortrait UIInterfaceOrientationPortraitUpsideDown UIInterfaceOrientationLandscapeLeft UIInterfaceOrientationLandscapeRight";
				INFOPLIST_KEY_UISupportedInterfaceOrientations_iPhone = "UIInterfaceOrientationPortrait UIInterfaceOrientationLandscapeLeft UIInterfaceOrientationLandscapeRight";
				LD_RUNPATH_SEARCH_PATHS = (
					"$(inherited)",
					"@executable_path/Frameworks",
				);
				MARKETING_VERSION = 1.0;
				PRODUCT_BUNDLE_IDENTIFIER = "com.sean.Richmond-Pizza";
				PRODUCT_NAME = "$(TARGET_NAME)";
				SWIFT_EMIT_LOC_STRINGS = YES;
				SWIFT_VERSION = 5.0;
				TARGETED_DEVICE_FAMILY = "1,2";
			};
			name = Debug;
		};
		31A57EA72B6D72E7001CFF3C /* Release */ = {
			isa = XCBuildConfiguration;
			buildSettings = {
				ASSETCATALOG_COMPILER_APPICON_NAME = AppIcon;
				ASSETCATALOG_COMPILER_GLOBAL_ACCENT_COLOR_NAME = AccentColor;
				CODE_SIGN_STYLE = Automatic;
				CURRENT_PROJECT_VERSION = 1;
				DEVELOPMENT_ASSET_PATHS = "\"Richmond_Pizza/Preview Content\"";
				ENABLE_PREVIEWS = YES;
				GENERATE_INFOPLIST_FILE = YES;
				INFOPLIST_KEY_UIApplicationSceneManifest_Generation = YES;
				INFOPLIST_KEY_UIApplicationSupportsIndirectInputEvents = YES;
				INFOPLIST_KEY_UILaunchScreen_Generation = YES;
				INFOPLIST_KEY_UISupportedInterfaceOrientations_iPad = "UIInterfaceOrientationPortrait UIInterfaceOrientationPortraitUpsideDown UIInterfaceOrientationLandscapeLeft UIInterfaceOrientationLandscapeRight";
				INFOPLIST_KEY_UISupportedInterfaceOrientations_iPhone = "UIInterfaceOrientationPortrait UIInterfaceOrientationLandscapeLeft UIInterfaceOrientationLandscapeRight";
				LD_RUNPATH_SEARCH_PATHS = (
					"$(inherited)",
					"@executable_path/Frameworks",
				);
				MARKETING_VERSION = 1.0;
				PRODUCT_BUNDLE_IDENTIFIER = "com.sean.Richmond-Pizza";
				PRODUCT_NAME = "$(TARGET_NAME)";
				SWIFT_EMIT_LOC_STRINGS = YES;
				SWIFT_VERSION = 5.0;
				TARGETED_DEVICE_FAMILY = "1,2";
			};
			name = Release;
		};
		31A57EA92B6D72E7001CFF3C /* Debug */ = {
			isa = XCBuildConfiguration;
			buildSettings = {
				ALWAYS_EMBED_SWIFT_STANDARD_LIBRARIES = YES;
				BUNDLE_LOADER = "$(TEST_HOST)";
				CODE_SIGN_STYLE = Automatic;
				CURRENT_PROJECT_VERSION = 1;
				GENERATE_INFOPLIST_FILE = YES;
				IPHONEOS_DEPLOYMENT_TARGET = 17.2;
				MARKETING_VERSION = 1.0;
				PRODUCT_BUNDLE_IDENTIFIER = "com.sean.Richmond-PizzaTests";
				PRODUCT_NAME = "$(TARGET_NAME)";
				SWIFT_EMIT_LOC_STRINGS = NO;
				SWIFT_VERSION = 5.0;
				TARGETED_DEVICE_FAMILY = "1,2";
				TEST_HOST = "$(BUILT_PRODUCTS_DIR)/Richmond_Pizza.app/$(BUNDLE_EXECUTABLE_FOLDER_PATH)/Richmond_Pizza";
			};
			name = Debug;
		};
		31A57EAA2B6D72E7001CFF3C /* Release */ = {
			isa = XCBuildConfiguration;
			buildSettings = {
				ALWAYS_EMBED_SWIFT_STANDARD_LIBRARIES = YES;
				BUNDLE_LOADER = "$(TEST_HOST)";
				CODE_SIGN_STYLE = Automatic;
				CURRENT_PROJECT_VERSION = 1;
				GENERATE_INFOPLIST_FILE = YES;
				IPHONEOS_DEPLOYMENT_TARGET = 17.2;
				MARKETING_VERSION = 1.0;
				PRODUCT_BUNDLE_IDENTIFIER = "com.sean.Richmond-PizzaTests";
				PRODUCT_NAME = "$(TARGET_NAME)";
				SWIFT_EMIT_LOC_STRINGS = NO;
				SWIFT_VERSION = 5.0;
				TARGETED_DEVICE_FAMILY = "1,2";
				TEST_HOST = "$(BUILT_PRODUCTS_DIR)/Richmond_Pizza.app/$(BUNDLE_EXECUTABLE_FOLDER_PATH)/Richmond_Pizza";
			};
			name = Release;
		};
		31A57EAC2B6D72E7001CFF3C /* Debug */ = {
			isa = XCBuildConfiguration;
			buildSettings = {
				ALWAYS_EMBED_SWIFT_STANDARD_LIBRARIES = YES;
				CODE_SIGN_STYLE = Automatic;
				CURRENT_PROJECT_VERSION = 1;
				GENERATE_INFOPLIST_FILE = YES;
				MARKETING_VERSION = 1.0;
				PRODUCT_BUNDLE_IDENTIFIER = "com.sean.Richmond-PizzaUITests";
				PRODUCT_NAME = "$(TARGET_NAME)";
				SWIFT_EMIT_LOC_STRINGS = NO;
				SWIFT_VERSION = 5.0;
				TARGETED_DEVICE_FAMILY = "1,2";
				TEST_TARGET_NAME = Richmond_Pizza;
			};
			name = Debug;
		};
		31A57EAD2B6D72E7001CFF3C /* Release */ = {
			isa = XCBuildConfiguration;
			buildSettings = {
				ALWAYS_EMBED_SWIFT_STANDARD_LIBRARIES = YES;
				CODE_SIGN_STYLE = Automatic;
				CURRENT_PROJECT_VERSION = 1;
				GENERATE_INFOPLIST_FILE = YES;
				MARKETING_VERSION = 1.0;
				PRODUCT_BUNDLE_IDENTIFIER = "com.sean.Richmond-PizzaUITests";
				PRODUCT_NAME = "$(TARGET_NAME)";
				SWIFT_EMIT_LOC_STRINGS = NO;
				SWIFT_VERSION = 5.0;
				TARGETED_DEVICE_FAMILY = "1,2";
				TEST_TARGET_NAME = Richmond_Pizza;
			};
			name = Release;
		};
/* End XCBuildConfiguration section */

/* Begin XCConfigurationList section */
		31A57E7C2B6D72E6001CFF3C /* Build configuration list for PBXProject "Richmond_Pizza" */ = {
			isa = XCConfigurationList;
			buildConfigurations = (
				31A57EA32B6D72E7001CFF3C /* Debug */,
				31A57EA42B6D72E7001CFF3C /* Release */,
			);
			defaultConfigurationIsVisible = 0;
			defaultConfigurationName = Release;
		};
		31A57EA52B6D72E7001CFF3C /* Build configuration list for PBXNativeTarget "Richmond_Pizza" */ = {
			isa = XCConfigurationList;
			buildConfigurations = (
				31A57EA62B6D72E7001CFF3C /* Debug */,
				31A57EA72B6D72E7001CFF3C /* Release */,
			);
			defaultConfigurationIsVisible = 0;
			defaultConfigurationName = Release;
		};
		31A57EA82B6D72E7001CFF3C /* Build configuration list for PBXNativeTarget "Richmond_PizzaTests" */ = {
			isa = XCConfigurationList;
			buildConfigurations = (
				31A57EA92B6D72E7001CFF3C /* Debug */,
				31A57EAA2B6D72E7001CFF3C /* Release */,
			);
			defaultConfigurationIsVisible = 0;
			defaultConfigurationName = Release;
		};
		31A57EAB2B6D72E7001CFF3C /* Build configuration list for PBXNativeTarget "Richmond_PizzaUITests" */ = {
			isa = XCConfigurationList;
			buildConfigurations = (
				31A57EAC2B6D72E7001CFF3C /* Debug */,
				31A57EAD2B6D72E7001CFF3C /* Release */,
			);
			defaultConfigurationIsVisible = 0;
			defaultConfigurationName = Release;
		};
/* End XCConfigurationList section */
	};
	rootObject = 31A57E792B6D72E6001CFF3C /* Project object */;
}
